
Microsoft Visual Studio Solution File, Format Version 12.00
# Visual Studio Version 16
VisualStudioVersion = 16.0.30621.155
MinimumVisualStudioVersion = 10.0.40219.1
Project("{FAE04EC0-301F-11D3-BF4B-00C04F79EFBC}") = "New2", "New2\New2.csproj", "{69D5DDC5-4047-49CB-89E7-10FD24114EF0}"
EndProject
Global
	GlobalSection(SolutionConfigurationPlatforms) = preSolution
		Debug|Any CPU = Debug|Any CPU
		Release|Any CPU = Release|Any CPU
	EndGlobalSection
	GlobalSection(ProjectConfigurationPlatforms) = postSolution
		{69D5DDC5-4047-49CB-89E7-10FD24114EF0}.Debug|Any CPU.ActiveCfg = Debug|Any CPU
		{69D5DDC5-4047-49CB-89E7-10FD24114EF0}.Debug|Any CPU.Build.0 = Debug|Any CPU
		{69D5DDC5-4047-49CB-89E7-10FD24114EF0}.Release|Any CPU.ActiveCfg = Release|Any CPU
		{69D5DDC5-4047-49CB-89E7-10FD24114EF0}.Release|Any CPU.Build.0 = Release|Any CPU
	EndGlobalSection
	GlobalSection(SolutionProperties) = preSolution
		HideSolutionNode = FALSE
	EndGlobalSection
	GlobalSection(ExtensibilityGlobals) = postSolution
		SolutionGuid = {92D114B4-712A-4E12-A5C2-1AF3012D4962}
	EndGlobalSection
EndGlobal
